github.com/emicklei/xconnect v0.0.0-20191009101014-7c45bc65d4c0 h1:BjjNBbcSBs5EgV1ydujAmtacgHWxacXjFTp6Tvl1/Ec=
github.com/emicklei/xconnect v0.0.0-20191009101014-7c45bc65d4c0/go.mod h1:TaIACAlSQnV9+yltj2+S/ZkFBHAhlVyspfcI4SDVWlk=
github.com/mitchellh/mapstructure v1.1.2 h1:fmNYVwqnSfB9mZU6OS2O6GsXM+wcskZDuKQzvN1EDeE=
github.com/mitchellh/mapstructure v1.1.2/go.mod h1:FVVH3fgwuzCH5S8UJGiWEs2h04kUh9fWfEaFds41c1Y=
gopkg.in/check.v1 v0.0.0-20161208181325-20d25e280405/go.mod h1:Co6ibVJAznAaIkqp8huTwlJQCZ016jof/cbN4VW5Yz0=
gopkg.in/yaml.v2 v2.2.4 h1:/eiJrUcujPVeJ3xlSWaiNi3uSVmDGBK1pDHUHAnao1I=
gopkg.in/yaml.v2 v2.2.4/go.mod h1:hI93XBmqTisBFMUTm0b8Fm+jr3Dg1NNxqwp+5A1VGuI=
