github.com/emicklei/dot v0.16.0 h1:7PseyizTgeQ/aSF1eo4LcEfWlQSlzamFZpzY/nMB9EY=
github.com/emicklei/dot v0.16.0/go.mod h1:DeV7GvQtIw4h2u73RKBkkFdvVAz0D9fzeJrgPW6gy/s=
github.com/emicklei/xconnect v0.8.1 h1:sjocBLAYXKKIt+GQ5id3sfZJiuq+ULATNXNYhS7Uhqs=
github.com/emicklei/xconnect v0.8.1/go.mod h1:HuCLvs5vlgq5CAZrSA2BPrCyz/FtU4DlJsJpqzpRXTY=
gopkg.in/check.v1 v0.0.0-20161208181325-20d25e280405/go.mod h1:Co6ibVJAznAaIkqp8huTwlJQCZ016jof/cbN4VW5Yz0=
gopkg.in/yaml.v2 v2.2.4 h1:/eiJrUcujPVeJ3xlSWaiNi3uSVmDGBK1pDHUHAnao1I=
gopkg.in/yaml.v2 v2.2.4/go.mod h1:hI93XBmqTisBFMUTm0b8Fm+jr3Dg1NNxqwp+5A1VGuI=
gopkg.in/yaml.v2 v2.4.0 h1:D8xgwECY7CYvx+Y2n4sBz93Jn9JRvxdiyyo8CTfuKaY=
gopkg.in/yaml.v2 v2.4.0/go.mod h1:RDklbk79AGWmwhnvt/jBztapEOGDOx6ZbXqjP6csGnQ=
